PODS:
  - FlutterMacOS (1.0.0)
  - rust_lib_frb_opaque_test (0.0.1):
    - FlutterMacOS

DEPENDENCIES:
  - FlutterMacOS (from `Flutter/ephemeral`)
  - rust_lib_frb_opaque_test (from `Flutter/ephemeral/.symlinks/plugins/rust_lib_frb_opaque_test/macos`)

EXTERNAL SOURCES:
  FlutterMacOS:
    :path: Flutter/ephemeral
  rust_lib_frb_opaque_test:
    :path: Flutter/ephemeral/.symlinks/plugins/rust_lib_frb_opaque_test/macos

SPEC CHECKSUMS:
  FlutterMacOS: 8f6f14fa908a6fb3fba0cd85dbd81ec4b251fb24
  rust_lib_frb_opaque_test: c9f4b0d99d1ecc3d08a6e3631afaa664bfd72d64

PODFILE CHECKSUM: 236401fc2c932af29a9fcf0e97baeeb2d750d367

COCOAPODS: 1.15.2
